
Microsoft Visual Studio Solution File, Format Version 12.00
# Visual Studio 2012
Project("{FAE04EC0-301F-11D3-BF4B-00C04F79EFBC}") = "Web", "Web\Web.csproj", "{CA9630E7-3987-4259-8578-14271434F13A}"
EndProject
Project("{2150E333-8FDC-42A3-9474-1A3956D46DE8}") = ".Shared", ".Shared", "{BB99DFF5-7ED0-4F0C-AAB8-0F78B9A6F76E}"
	ProjectSection(SolutionItems) = preProject
		.Shared\ProductInfo.cs = .Shared\ProductInfo.cs
		.Shared\VersionInfo.cs = .Shared\VersionInfo.cs
	EndProjectSection
EndProject
Project("{2150E333-8FDC-42A3-9474-1A3956D46DE8}") = "Project", "Project", "{5B8AD3F1-8823-404B-BCCE-7E535D558AEC}"
EndProject
Project("{2150E333-8FDC-42A3-9474-1A3956D46DE8}") = "Tests", "Tests", "{BB2F718D-C645-42F3-AD5C-277F1B91ECA9}"
EndProject
Project("{FAE04EC0-301F-11D3-BF4B-00C04F79EFBC}") = "Tests", "Tests\Tests.csproj", "{FAF90E94-F25E-492B-91E3-D424432D5378}"
EndProject
Project("{FAE04EC0-301F-11D3-BF4B-00C04F79EFBC}") = "Testing", "Testing\Testing.csproj", "{39E3C606-0DC7-469F-BCA3-F63144178E22}"
EndProject
Project("{FAE04EC0-301F-11D3-BF4B-00C04F79EFBC}") = "Common", "Common\Common.csproj", "{1F88DC04-900B-44FD-B16F-6297CB0D5E0B}"
EndProject
Project("{FAE04EC0-301F-11D3-BF4B-00C04F79EFBC}") = "Core", "Core\Core.csproj", "{0AAA6365-B220-401C-A193-1688D259318F}"
EndProject
Project("{FAE04EC0-301F-11D3-BF4B-00C04F79EFBC}") = "Data.Storage", "Data.Storage\Data.Storage.csproj", "{15882647-9128-48DD-9B7D-F147C79A3292}"
EndProject
Project("{FAE04EC0-301F-11D3-BF4B-00C04F79EFBC}") = "Data.Storage.Mongo", "Data.Storage.Mongo\Data.Storage.Mongo.csproj", "{36A8F6F0-56FF-4F06-B429-44D5C459D89B}"
EndProject
Project("{FAE04EC0-301F-11D3-BF4B-00C04F79EFBC}") = "Data.Storage.SqlServer", "Data.Storage.SqlServer\Data.Storage.SqlServer.csproj", "{0982C6F2-D9E9-4C0D-A332-2710C9E783F2}"
EndProject
Project("{2150E333-8FDC-42A3-9474-1A3956D46DE8}") = ".Docs", ".Docs", "{CF596730-2054-4B86-8B7C-D25F5DA265A1}"
	ProjectSection(SolutionItems) = preProject
		.Docs\TechnicalDebt.txt = .Docs\TechnicalDebt.txt
	EndProjectSection
EndProject
Project("{FAE04EC0-301F-11D3-BF4B-00C04F79EFBC}") = "Tests.Integration", "Tests.Integration\Tests.Integration.csproj", "{C74094CC-B20C-4FB7-849B-8FAF841B79B1}"
EndProject
Project("{2150E333-8FDC-42A3-9474-1A3956D46DE8}") = ".Nuget", ".Nuget", "{477058D3-6EC2-4A3E-9411-0E0A6CE337D1}"
	ProjectSection(SolutionItems) = preProject
		.Nuget\NuGet.Config = .Nuget\NuGet.Config
		.Nuget\nuget.exe = .Nuget\nuget.exe
	EndProjectSection
EndProject
Project("{FAE04EC0-301F-11D3-BF4B-00C04F79EFBC}") = "Fakes", "Fakes\Fakes.csproj", "{AA8FC513-D02A-41FA-8F07-C3EBEE0726E6}"
EndProject
Project("{FAE04EC0-301F-11D3-BF4B-00C04F79EFBC}") = "Data.Storage.RavenDB", "Data.Storage.RavenDB\Data.Storage.RavenDB.csproj", "{C1F21F34-99D0-436B-B7CE-916A4C57477D}"
EndProject
Project("{2150E333-8FDC-42A3-9474-1A3956D46DE8}") = ".Build", ".Build", "{FCCC9B6A-0612-4388-A928-377FB5D22C4C}"
	ProjectSection(SolutionItems) = preProject
		.deployment = .deployment
		build.bat = build.bat
		build.proj = build.proj
		deploy.cmd = deploy.cmd
		.build\MSBuild.Community.Tasks.targets = .build\MSBuild.Community.Tasks.targets
	EndProjectSection
EndProject
Global
	GlobalSection(SolutionConfigurationPlatforms) = preSolution
		Debug|Any CPU = Debug|Any CPU
		Release|Any CPU = Release|Any CPU
	EndGlobalSection
	GlobalSection(ProjectConfigurationPlatforms) = postSolution
		{CA9630E7-3987-4259-8578-14271434F13A}.Debug|Any CPU.ActiveCfg = Debug|Any CPU
		{CA9630E7-3987-4259-8578-14271434F13A}.Debug|Any CPU.Build.0 = Debug|Any CPU
		{CA9630E7-3987-4259-8578-14271434F13A}.Debug|Any CPU.Deploy.0 = Debug|Any CPU
		{CA9630E7-3987-4259-8578-14271434F13A}.Release|Any CPU.ActiveCfg = Release|Any CPU
		{CA9630E7-3987-4259-8578-14271434F13A}.Release|Any CPU.Build.0 = Release|Any CPU
		{FAF90E94-F25E-492B-91E3-D424432D5378}.Debug|Any CPU.ActiveCfg = Debug|Any CPU
		{FAF90E94-F25E-492B-91E3-D424432D5378}.Debug|Any CPU.Build.0 = Debug|Any CPU
		{FAF90E94-F25E-492B-91E3-D424432D5378}.Release|Any CPU.ActiveCfg = Release|Any CPU
		{FAF90E94-F25E-492B-91E3-D424432D5378}.Release|Any CPU.Build.0 = Release|Any CPU
		{39E3C606-0DC7-469F-BCA3-F63144178E22}.Debug|Any CPU.ActiveCfg = Debug|Any CPU
		{39E3C606-0DC7-469F-BCA3-F63144178E22}.Debug|Any CPU.Build.0 = Debug|Any CPU
		{39E3C606-0DC7-469F-BCA3-F63144178E22}.Release|Any CPU.ActiveCfg = Release|Any CPU
		{39E3C606-0DC7-469F-BCA3-F63144178E22}.Release|Any CPU.Build.0 = Release|Any CPU
		{1F88DC04-900B-44FD-B16F-6297CB0D5E0B}.Debug|Any CPU.ActiveCfg = Debug|Any CPU
		{1F88DC04-900B-44FD-B16F-6297CB0D5E0B}.Debug|Any CPU.Build.0 = Debug|Any CPU
		{1F88DC04-900B-44FD-B16F-6297CB0D5E0B}.Release|Any CPU.ActiveCfg = Release|Any CPU
		{1F88DC04-900B-44FD-B16F-6297CB0D5E0B}.Release|Any CPU.Build.0 = Release|Any CPU
		{0AAA6365-B220-401C-A193-1688D259318F}.Debug|Any CPU.ActiveCfg = Debug|Any CPU
		{0AAA6365-B220-401C-A193-1688D259318F}.Debug|Any CPU.Build.0 = Debug|Any CPU
		{0AAA6365-B220-401C-A193-1688D259318F}.Release|Any CPU.ActiveCfg = Release|Any CPU
		{0AAA6365-B220-401C-A193-1688D259318F}.Release|Any CPU.Build.0 = Release|Any CPU
		{15882647-9128-48DD-9B7D-F147C79A3292}.Debug|Any CPU.ActiveCfg = Debug|Any CPU
		{15882647-9128-48DD-9B7D-F147C79A3292}.Debug|Any CPU.Build.0 = Debug|Any CPU
		{15882647-9128-48DD-9B7D-F147C79A3292}.Release|Any CPU.ActiveCfg = Release|Any CPU
		{15882647-9128-48DD-9B7D-F147C79A3292}.Release|Any CPU.Build.0 = Release|Any CPU
		{36A8F6F0-56FF-4F06-B429-44D5C459D89B}.Debug|Any CPU.ActiveCfg = Debug|Any CPU
		{36A8F6F0-56FF-4F06-B429-44D5C459D89B}.Debug|Any CPU.Build.0 = Debug|Any CPU
		{36A8F6F0-56FF-4F06-B429-44D5C459D89B}.Release|Any CPU.ActiveCfg = Release|Any CPU
		{36A8F6F0-56FF-4F06-B429-44D5C459D89B}.Release|Any CPU.Build.0 = Release|Any CPU
		{0982C6F2-D9E9-4C0D-A332-2710C9E783F2}.Debug|Any CPU.ActiveCfg = Debug|Any CPU
		{0982C6F2-D9E9-4C0D-A332-2710C9E783F2}.Debug|Any CPU.Build.0 = Debug|Any CPU
		{0982C6F2-D9E9-4C0D-A332-2710C9E783F2}.Release|Any CPU.ActiveCfg = Release|Any CPU
		{0982C6F2-D9E9-4C0D-A332-2710C9E783F2}.Release|Any CPU.Build.0 = Release|Any CPU
		{C74094CC-B20C-4FB7-849B-8FAF841B79B1}.Debug|Any CPU.ActiveCfg = Debug|Any CPU
		{C74094CC-B20C-4FB7-849B-8FAF841B79B1}.Debug|Any CPU.Build.0 = Debug|Any CPU
		{C74094CC-B20C-4FB7-849B-8FAF841B79B1}.Debug|Any CPU.Deploy.0 = Debug|Any CPU
		{C74094CC-B20C-4FB7-849B-8FAF841B79B1}.Release|Any CPU.ActiveCfg = Release|Any CPU
		{C74094CC-B20C-4FB7-849B-8FAF841B79B1}.Release|Any CPU.Build.0 = Release|Any CPU
		{AA8FC513-D02A-41FA-8F07-C3EBEE0726E6}.Debug|Any CPU.ActiveCfg = Debug|Any CPU
		{AA8FC513-D02A-41FA-8F07-C3EBEE0726E6}.Debug|Any CPU.Build.0 = Debug|Any CPU
		{AA8FC513-D02A-41FA-8F07-C3EBEE0726E6}.Release|Any CPU.ActiveCfg = Release|Any CPU
		{AA8FC513-D02A-41FA-8F07-C3EBEE0726E6}.Release|Any CPU.Build.0 = Release|Any CPU
		{C1F21F34-99D0-436B-B7CE-916A4C57477D}.Debug|Any CPU.ActiveCfg = Debug|Any CPU
		{C1F21F34-99D0-436B-B7CE-916A4C57477D}.Debug|Any CPU.Build.0 = Debug|Any CPU
		{C1F21F34-99D0-436B-B7CE-916A4C57477D}.Release|Any CPU.ActiveCfg = Release|Any CPU
		{C1F21F34-99D0-436B-B7CE-916A4C57477D}.Release|Any CPU.Build.0 = Release|Any CPU
	EndGlobalSection
	GlobalSection(SolutionProperties) = preSolution
		HideSolutionNode = FALSE
	EndGlobalSection
	GlobalSection(NestedProjects) = preSolution
		{CA9630E7-3987-4259-8578-14271434F13A} = {5B8AD3F1-8823-404B-BCCE-7E535D558AEC}
		{1F88DC04-900B-44FD-B16F-6297CB0D5E0B} = {5B8AD3F1-8823-404B-BCCE-7E535D558AEC}
		{0AAA6365-B220-401C-A193-1688D259318F} = {5B8AD3F1-8823-404B-BCCE-7E535D558AEC}
		{15882647-9128-48DD-9B7D-F147C79A3292} = {5B8AD3F1-8823-404B-BCCE-7E535D558AEC}
		{36A8F6F0-56FF-4F06-B429-44D5C459D89B} = {5B8AD3F1-8823-404B-BCCE-7E535D558AEC}
		{0982C6F2-D9E9-4C0D-A332-2710C9E783F2} = {5B8AD3F1-8823-404B-BCCE-7E535D558AEC}
		{AA8FC513-D02A-41FA-8F07-C3EBEE0726E6} = {5B8AD3F1-8823-404B-BCCE-7E535D558AEC}
		{C1F21F34-99D0-436B-B7CE-916A4C57477D} = {5B8AD3F1-8823-404B-BCCE-7E535D558AEC}
		{FAF90E94-F25E-492B-91E3-D424432D5378} = {BB2F718D-C645-42F3-AD5C-277F1B91ECA9}
		{39E3C606-0DC7-469F-BCA3-F63144178E22} = {BB2F718D-C645-42F3-AD5C-277F1B91ECA9}
		{C74094CC-B20C-4FB7-849B-8FAF841B79B1} = {BB2F718D-C645-42F3-AD5C-277F1B91ECA9}
	EndGlobalSection
EndGlobal
